
Microsoft Visual Studio Solution File, Format Version 12.00
# Visual Studio Version 16
VisualStudioVersion = 16.0.30104.148
MinimumVisualStudioVersion = 10.0.40219.1
Project("{FAE04EC0-301F-11D3-BF4B-00C04F79EFBC}") = "GoviCLI", "GoviCLI.csproj", "{09DF257D-0635-426F-ABDB-045DC7C4DED5}"
EndProject
Project("{FAE04EC0-301F-11D3-BF4B-00C04F79EFBC}") = "InvoiceService", "..\InvoiceService\InvoiceService.csproj", "{B7236CEF-AD4B-48F5-B597-E548D780E41A}"
EndProject
Project("{FAE04EC0-301F-11D3-BF4B-00C04F79EFBC}") = "PdfService", "..\PdfService\PdfService.csproj", "{DE77C1FF-58DE-4752-884E-18C04631E665}"
EndProject
Project("{FAE04EC0-301F-11D3-BF4B-00C04F79EFBC}") = "GoviCLITests", "..\GoviCLITests\GoviCLITests.csproj", "{6D9D87BD-0107-4F70-8C69-D9F5DDC419DD}"
EndProject
Global
	GlobalSection(SolutionConfigurationPlatforms) = preSolution
		Debug|Any CPU = Debug|Any CPU
		Release|Any CPU = Release|Any CPU
	EndGlobalSection
	GlobalSection(ProjectConfigurationPlatforms) = postSolution
		{09DF257D-0635-426F-ABDB-045DC7C4DED5}.Debug|Any CPU.ActiveCfg = Debug|Any CPU
		{09DF257D-0635-426F-ABDB-045DC7C4DED5}.Debug|Any CPU.Build.0 = Debug|Any CPU
		{09DF257D-0635-426F-ABDB-045DC7C4DED5}.Release|Any CPU.ActiveCfg = Release|Any CPU
		{09DF257D-0635-426F-ABDB-045DC7C4DED5}.Release|Any CPU.Build.0 = Release|Any CPU
		{B7236CEF-AD4B-48F5-B597-E548D780E41A}.Debug|Any CPU.ActiveCfg = Debug|Any CPU
		{B7236CEF-AD4B-48F5-B597-E548D780E41A}.Debug|Any CPU.Build.0 = Debug|Any CPU
		{B7236CEF-AD4B-48F5-B597-E548D780E41A}.Release|Any CPU.ActiveCfg = Release|Any CPU
		{B7236CEF-AD4B-48F5-B597-E548D780E41A}.Release|Any CPU.Build.0 = Release|Any CPU
		{DE77C1FF-58DE-4752-884E-18C04631E665}.Debug|Any CPU.ActiveCfg = Debug|Any CPU
		{DE77C1FF-58DE-4752-884E-18C04631E665}.Debug|Any CPU.Build.0 = Debug|Any CPU
		{DE77C1FF-58DE-4752-884E-18C04631E665}.Release|Any CPU.ActiveCfg = Release|Any CPU
		{DE77C1FF-58DE-4752-884E-18C04631E665}.Release|Any CPU.Build.0 = Release|Any CPU
		{6D9D87BD-0107-4F70-8C69-D9F5DDC419DD}.Debug|Any CPU.ActiveCfg = Debug|Any CPU
		{6D9D87BD-0107-4F70-8C69-D9F5DDC419DD}.Debug|Any CPU.Build.0 = Debug|Any CPU
		{6D9D87BD-0107-4F70-8C69-D9F5DDC419DD}.Release|Any CPU.ActiveCfg = Release|Any CPU
		{6D9D87BD-0107-4F70-8C69-D9F5DDC419DD}.Release|Any CPU.Build.0 = Release|Any CPU
	EndGlobalSection
	GlobalSection(SolutionProperties) = preSolution
		HideSolutionNode = FALSE
	EndGlobalSection
	GlobalSection(ExtensibilityGlobals) = postSolution
		SolutionGuid = {D59E93E8-F77C-403C-BDF5-6FC5F765D25F}
	EndGlobalSection
EndGlobal
